
Microsoft Visual Studio Solution File, Format Version 12.00
# Visual Studio Version 17
VisualStudioVersion = 17.0.31903.59
MinimumVisualStudioVersion = 10.0.40219.1
Project("{FAE04EC0-301F-11D3-BF4B-00C04F79EFBC}") = "API", "API\API.csproj", "{B32CB473-D097-429E-891E-2F47776C97E2}"
EndProject
Project("{FAE04EC0-301F-11D3-BF4B-00C04F79EFBC}") = "MVC", "MVC\MVC.csproj", "{E7474514-AF9F-4B03-8273-862144E14608}"
EndProject
Project("{FAE04EC0-301F-11D3-BF4B-00C04F79EFBC}") = "Repositories", "Repositories\Repositories.csproj", "{422E85A4-4988-4072-B9BE-0707A0A5082E}"
EndProject
Global
	GlobalSection(SolutionConfigurationPlatforms) = preSolution
		Debug|Any CPU = Debug|Any CPU
		Release|Any CPU = Release|Any CPU
	EndGlobalSection
	GlobalSection(SolutionProperties) = preSolution
		HideSolutionNode = FALSE
	EndGlobalSection
	GlobalSection(ProjectConfigurationPlatforms) = postSolution
		{B32CB473-D097-429E-891E-2F47776C97E2}.Debug|Any CPU.ActiveCfg = Debug|Any CPU
		{B32CB473-D097-429E-891E-2F47776C97E2}.Debug|Any CPU.Build.0 = Debug|Any CPU
		{B32CB473-D097-429E-891E-2F47776C97E2}.Release|Any CPU.ActiveCfg = Release|Any CPU
		{B32CB473-D097-429E-891E-2F47776C97E2}.Release|Any CPU.Build.0 = Release|Any CPU
		{E7474514-AF9F-4B03-8273-862144E14608}.Debug|Any CPU.ActiveCfg = Debug|Any CPU
		{E7474514-AF9F-4B03-8273-862144E14608}.Debug|Any CPU.Build.0 = Debug|Any CPU
		{E7474514-AF9F-4B03-8273-862144E14608}.Release|Any CPU.ActiveCfg = Release|Any CPU
		{E7474514-AF9F-4B03-8273-862144E14608}.Release|Any CPU.Build.0 = Release|Any CPU
		{422E85A4-4988-4072-B9BE-0707A0A5082E}.Debug|Any CPU.ActiveCfg = Debug|Any CPU
		{422E85A4-4988-4072-B9BE-0707A0A5082E}.Debug|Any CPU.Build.0 = Debug|Any CPU
		{422E85A4-4988-4072-B9BE-0707A0A5082E}.Release|Any CPU.ActiveCfg = Release|Any CPU
		{422E85A4-4988-4072-B9BE-0707A0A5082E}.Release|Any CPU.Build.0 = Release|Any CPU
	EndGlobalSection
EndGlobal
